
Microsoft Visual Studio Solution File, Format Version 12.00
# Visual Studio Version 17
VisualStudioVersion = 17.5.33516.290
MinimumVisualStudioVersion = 10.0.40219.1
Project("{FAE04EC0-301F-11D3-BF4B-00C04F79EFBC}") = "WindowsFormsApp1", "WindowsFormsApp1.csproj", "{68DDD457-3216-448E-A9ED-1FCFF2C8FC56}"
EndProject
Global
	GlobalSection(SolutionConfigurationPlatforms) = preSolution
		Debug|Any CPU = Debug|Any CPU
		Release|Any CPU = Release|Any CPU
	EndGlobalSection
	GlobalSection(ProjectConfigurationPlatforms) = postSolution
		{68DDD457-3216-448E-A9ED-1FCFF2C8FC56}.Debug|Any CPU.ActiveCfg = Debug|Any CPU
		{68DDD457-3216-448E-A9ED-1FCFF2C8FC56}.Debug|Any CPU.Build.0 = Debug|Any CPU
		{68DDD457-3216-448E-A9ED-1FCFF2C8FC56}.Release|Any CPU.ActiveCfg = Release|Any CPU
		{68DDD457-3216-448E-A9ED-1FCFF2C8FC56}.Release|Any CPU.Build.0 = Release|Any CPU
	EndGlobalSection
	GlobalSection(SolutionProperties) = preSolution
		HideSolutionNode = FALSE
	EndGlobalSection
	GlobalSection(ExtensibilityGlobals) = postSolution
		SolutionGuid = {EBA59620-0656-4B23-BAF0-7A729FB87287}
	EndGlobalSection
EndGlobal
